
Microsoft Visual Studio Solution File, Format Version 12.00
# Visual Studio Version 17
VisualStudioVersion = 17.9.34616.47
MinimumVisualStudioVersion = 10.0.40219.1
Project("{FAE04EC0-301F-11D3-BF4B-00C04F79EFBC}") = "Pair6_OOP2_Task", "Pair6_OOP2_Task\Pair6_OOP2_Task.csproj", "{68EA5FE0-1605-4E3D-9EDC-52CDAF2DFB60}"
EndProject
Global
	GlobalSection(SolutionConfigurationPlatforms) = preSolution
		Debug|Any CPU = Debug|Any CPU
		Release|Any CPU = Release|Any CPU
	EndGlobalSection
	GlobalSection(ProjectConfigurationPlatforms) = postSolution
		{68EA5FE0-1605-4E3D-9EDC-52CDAF2DFB60}.Debug|Any CPU.ActiveCfg = Debug|Any CPU
		{68EA5FE0-1605-4E3D-9EDC-52CDAF2DFB60}.Debug|Any CPU.Build.0 = Debug|Any CPU
		{68EA5FE0-1605-4E3D-9EDC-52CDAF2DFB60}.Release|Any CPU.ActiveCfg = Release|Any CPU
		{68EA5FE0-1605-4E3D-9EDC-52CDAF2DFB60}.Release|Any CPU.Build.0 = Release|Any CPU
	EndGlobalSection
	GlobalSection(SolutionProperties) = preSolution
		HideSolutionNode = FALSE
	EndGlobalSection
	GlobalSection(ExtensibilityGlobals) = postSolution
		SolutionGuid = {6CBB500C-CED2-4575-96CD-2F2B91A8B7CE}
	EndGlobalSection
EndGlobal
